
Microsoft Visual Studio Solution File, Format Version 12.00
# Visual Studio 15
VisualStudioVersion = 15.0.27130.2036
MinimumVisualStudioVersion = 10.0.40219.1
Project("{FAE04EC0-301F-11D3-BF4B-00C04F79EFBC}") = "HomeworkPlus.Android", "HomeworkPlus\HomeworkPlus.Android\HomeworkPlus.Android.csproj", "{F991C60D-5B73-491F-841A-30A4D76B031F}"
EndProject
Project("{FAE04EC0-301F-11D3-BF4B-00C04F79EFBC}") = "HomeworkPlus.iOS", "HomeworkPlus\HomeworkPlus.iOS\HomeworkPlus.iOS.csproj", "{AB06C29E-2611-40B2-BB2E-AB222FEDB451}"
EndProject
Project("{D954291E-2A0B-460D-934E-DC6B0785DB48}") = "HomeworkPlus", "HomeworkPlus\HomeworkPlus\HomeworkPlus.shproj", "{8DCF6853-3CFD-428D-95A8-B531AACB3264}"
EndProject
Global
	GlobalSection(SharedMSBuildProjectFiles) = preSolution
		HomeworkPlus\HomeworkPlus\HomeworkPlus.projitems*{8dcf6853-3cfd-428d-95a8-b531aacb3264}*SharedItemsImports = 13
		HomeworkPlus\HomeworkPlus\HomeworkPlus.projitems*{ab06c29e-2611-40b2-bb2e-ab222fedb451}*SharedItemsImports = 4
		HomeworkPlus\HomeworkPlus\HomeworkPlus.projitems*{f991c60d-5b73-491f-841a-30a4d76b031f}*SharedItemsImports = 4
	EndGlobalSection
	GlobalSection(SolutionConfigurationPlatforms) = preSolution
		Ad-Hoc|Any CPU = Ad-Hoc|Any CPU
		Ad-Hoc|iPhone = Ad-Hoc|iPhone
		Ad-Hoc|iPhoneSimulator = Ad-Hoc|iPhoneSimulator
		AppStore|Any CPU = AppStore|Any CPU
		AppStore|iPhone = AppStore|iPhone
		AppStore|iPhoneSimulator = AppStore|iPhoneSimulator
		Debug|Any CPU = Debug|Any CPU
		Debug|iPhone = Debug|iPhone
		Debug|iPhoneSimulator = Debug|iPhoneSimulator
		Release|Any CPU = Release|Any CPU
		Release|iPhone = Release|iPhone
		Release|iPhoneSimulator = Release|iPhoneSimulator
	EndGlobalSection
	GlobalSection(ProjectConfigurationPlatforms) = postSolution
		{F991C60D-5B73-491F-841A-30A4D76B031F}.Ad-Hoc|Any CPU.ActiveCfg = Release|Any CPU
		{F991C60D-5B73-491F-841A-30A4D76B031F}.Ad-Hoc|Any CPU.Build.0 = Release|Any CPU
		{F991C60D-5B73-491F-841A-30A4D76B031F}.Ad-Hoc|Any CPU.Deploy.0 = Release|Any CPU
		{F991C60D-5B73-491F-841A-30A4D76B031F}.Ad-Hoc|iPhone.ActiveCfg = Release|Any CPU
		{F991C60D-5B73-491F-841A-30A4D76B031F}.Ad-Hoc|iPhone.Build.0 = Release|Any CPU
		{F991C60D-5B73-491F-841A-30A4D76B031F}.Ad-Hoc|iPhone.Deploy.0 = Release|Any CPU
		{F991C60D-5B73-491F-841A-30A4D76B031F}.Ad-Hoc|iPhoneSimulator.ActiveCfg = Release|Any CPU
		{F991C60D-5B73-491F-841A-30A4D76B031F}.Ad-Hoc|iPhoneSimulator.Build.0 = Release|Any CPU
		{F991C60D-5B73-491F-841A-30A4D76B031F}.Ad-Hoc|iPhoneSimulator.Deploy.0 = Release|Any CPU
		{F991C60D-5B73-491F-841A-30A4D76B031F}.AppStore|Any CPU.ActiveCfg = Release|Any CPU
		{F991C60D-5B73-491F-841A-30A4D76B031F}.AppStore|Any CPU.Build.0 = Release|Any CPU
		{F991C60D-5B73-491F-841A-30A4D76B031F}.AppStore|Any CPU.Deploy.0 = Release|Any CPU
		{F991C60D-5B73-491F-841A-30A4D76B031F}.AppStore|iPhone.ActiveCfg = Release|Any CPU
		{F991C60D-5B73-491F-841A-30A4D76B031F}.AppStore|iPhone.Build.0 = Release|Any CPU
		{F991C60D-5B73-491F-841A-30A4D76B031F}.AppStore|iPhone.Deploy.0 = Release|Any CPU
		{F991C60D-5B73-491F-841A-30A4D76B031F}.AppStore|iPhoneSimulator.ActiveCfg = Release|Any CPU
		{F991C60D-5B73-491F-841A-30A4D76B031F}.AppStore|iPhoneSimulator.Build.0 = Release|Any CPU
		{F991C60D-5B73-491F-841A-30A4D76B031F}.AppStore|iPhoneSimulator.Deploy.0 = Release|Any CPU
		{F991C60D-5B73-491F-841A-30A4D76B031F}.Debug|Any CPU.ActiveCfg = Debug|Any CPU
		{F991C60D-5B73-491F-841A-30A4D76B031F}.Debug|Any CPU.Build.0 = Debug|Any CPU
		{F991C60D-5B73-491F-841A-30A4D76B031F}.Debug|Any CPU.Deploy.0 = Debug|Any CPU
		{F991C60D-5B73-491F-841A-30A4D76B031F}.Debug|iPhone.ActiveCfg = Debug|Any CPU
		{F991C60D-5B73-491F-841A-30A4D76B031F}.Debug|iPhone.Build.0 = Debug|Any CPU
		{F991C60D-5B73-491F-841A-30A4D76B031F}.Debug|iPhone.Deploy.0 = Debug|Any CPU
		{F991C60D-5B73-491F-841A-30A4D76B031F}.Debug|iPhoneSimulator.ActiveCfg = Debug|Any CPU
		{F991C60D-5B73-491F-841A-30A4D76B031F}.Debug|iPhoneSimulator.Build.0 = Debug|Any CPU
		{F991C60D-5B73-491F-841A-30A4D76B031F}.Debug|iPhoneSimulator.Deploy.0 = Debug|Any CPU
		{F991C60D-5B73-491F-841A-30A4D76B031F}.Release|Any CPU.ActiveCfg = Release|Any CPU
		{F991C60D-5B73-491F-841A-30A4D76B031F}.Release|Any CPU.Build.0 = Release|Any CPU
		{F991C60D-5B73-491F-841A-30A4D76B031F}.Release|Any CPU.Deploy.0 = Release|Any CPU
		{F991C60D-5B73-491F-841A-30A4D76B031F}.Release|iPhone.ActiveCfg = Release|Any CPU
		{F991C60D-5B73-491F-841A-30A4D76B031F}.Release|iPhone.Build.0 = Release|Any CPU
		{F991C60D-5B73-491F-841A-30A4D76B031F}.Release|iPhone.Deploy.0 = Release|Any CPU
		{F991C60D-5B73-491F-841A-30A4D76B031F}.Release|iPhoneSimulator.ActiveCfg = Release|Any CPU
		{F991C60D-5B73-491F-841A-30A4D76B031F}.Release|iPhoneSimulator.Build.0 = Release|Any CPU
		{F991C60D-5B73-491F-841A-30A4D76B031F}.Release|iPhoneSimulator.Deploy.0 = Release|Any CPU
		{AB06C29E-2611-40B2-BB2E-AB222FEDB451}.Ad-Hoc|Any CPU.ActiveCfg = Ad-Hoc|iPhone
		{AB06C29E-2611-40B2-BB2E-AB222FEDB451}.Ad-Hoc|iPhone.ActiveCfg = Ad-Hoc|iPhone
		{AB06C29E-2611-40B2-BB2E-AB222FEDB451}.Ad-Hoc|iPhone.Build.0 = Ad-Hoc|iPhone
		{AB06C29E-2611-40B2-BB2E-AB222FEDB451}.Ad-Hoc|iPhoneSimulator.ActiveCfg = Ad-Hoc|iPhoneSimulator
		{AB06C29E-2611-40B2-BB2E-AB222FEDB451}.Ad-Hoc|iPhoneSimulator.Build.0 = Ad-Hoc|iPhoneSimulator
		{AB06C29E-2611-40B2-BB2E-AB222FEDB451}.AppStore|Any CPU.ActiveCfg = AppStore|iPhone
		{AB06C29E-2611-40B2-BB2E-AB222FEDB451}.AppStore|iPhone.ActiveCfg = AppStore|iPhone
		{AB06C29E-2611-40B2-BB2E-AB222FEDB451}.AppStore|iPhone.Build.0 = AppStore|iPhone
		{AB06C29E-2611-40B2-BB2E-AB222FEDB451}.AppStore|iPhoneSimulator.ActiveCfg = AppStore|iPhoneSimulator
		{AB06C29E-2611-40B2-BB2E-AB222FEDB451}.AppStore|iPhoneSimulator.Build.0 = AppStore|iPhoneSimulator
		{AB06C29E-2611-40B2-BB2E-AB222FEDB451}.Debug|Any CPU.ActiveCfg = Debug|iPhone
		{AB06C29E-2611-40B2-BB2E-AB222FEDB451}.Debug|iPhone.ActiveCfg = Debug|iPhone
		{AB06C29E-2611-40B2-BB2E-AB222FEDB451}.Debug|iPhone.Build.0 = Debug|iPhone
		{AB06C29E-2611-40B2-BB2E-AB222FEDB451}.Debug|iPhoneSimulator.ActiveCfg = Debug|iPhoneSimulator
		{AB06C29E-2611-40B2-BB2E-AB222FEDB451}.Debug|iPhoneSimulator.Build.0 = Debug|iPhoneSimulator
		{AB06C29E-2611-40B2-BB2E-AB222FEDB451}.Release|Any CPU.ActiveCfg = Release|iPhone
		{AB06C29E-2611-40B2-BB2E-AB222FEDB451}.Release|iPhone.ActiveCfg = Release|iPhone
		{AB06C29E-2611-40B2-BB2E-AB222FEDB451}.Release|iPhone.Build.0 = Release|iPhone
		{AB06C29E-2611-40B2-BB2E-AB222FEDB451}.Release|iPhoneSimulator.ActiveCfg = Release|iPhoneSimulator
		{AB06C29E-2611-40B2-BB2E-AB222FEDB451}.Release|iPhoneSimulator.Build.0 = Release|iPhoneSimulator
	EndGlobalSection
	GlobalSection(SolutionProperties) = preSolution
		HideSolutionNode = FALSE
	EndGlobalSection
	GlobalSection(ExtensibilityGlobals) = postSolution
		SolutionGuid = {CBE26E36-002A-44E9-AF4D-EB63DA8574E4}
	EndGlobalSection
EndGlobal
